Microsoft Visual Studio Solution File, Format Version 9.00
# Visual Studio 2005
Project("{8BC9CEB8-8B4A-11D0-8D11-00A0C91BC942}") = "windows", "windows.vcproj", "{121BA0D8-0015-4204-B11C-1A0EA147C4B0}"
EndProject
Project("{8BC9CEB8-8B4A-11D0-8D11-00A0C91BC942}") = "glib-wrapper", "glib-wrapper.vcproj", "{A910FAE8-8F9E-44E3-B649-051CD7E33460}"
EndProject
Project("{8BC9CEB8-8B4A-11D0-8D11-00A0C91BC942}") = "gdk-wrapper", "gdk-wrapper.vcproj", "{71CC7BB7-5F6B-453D-B4F2-CE3742FB70DA}"
EndProject
Project("{8BC9CEB8-8B4A-11D0-8D11-00A0C91BC942}") = "gtk-wrapper", "gtk-wrapper.vcproj", "{99A18E8C-4504-4E2E-AD4E-B41283683422}"
EndProject
Global
	GlobalSection(SolutionConfigurationPlatforms) = preSolution
		Debug|Win32 = Debug|Win32
		Release|Win32 = Release|Win32
	EndGlobalSection
	GlobalSection(ProjectConfigurationPlatforms) = postSolution
		{121BA0D8-0015-4204-B11C-1A0EA147C4B0}.Debug|Win32.ActiveCfg = Debug|Win32
		{121BA0D8-0015-4204-B11C-1A0EA147C4B0}.Debug|Win32.Build.0 = Debug|Win32
		{121BA0D8-0015-4204-B11C-1A0EA147C4B0}.Release|Win32.ActiveCfg = Release|Win32
		{121BA0D8-0015-4204-B11C-1A0EA147C4B0}.Release|Win32.Build.0 = Release|Win32
		{A910FAE8-8F9E-44E3-B649-051CD7E33460}.Debug|Win32.ActiveCfg = Debug|Win32
		{A910FAE8-8F9E-44E3-B649-051CD7E33460}.Debug|Win32.Build.0 = Debug|Win32
		{A910FAE8-8F9E-44E3-B649-051CD7E33460}.Release|Win32.ActiveCfg = Release|Win32
		{A910FAE8-8F9E-44E3-B649-051CD7E33460}.Release|Win32.Build.0 = Release|Win32
		{71CC7BB7-5F6B-453D-B4F2-CE3742FB70DA}.Debug|Win32.ActiveCfg = Debug|Win32
		{71CC7BB7-5F6B-453D-B4F2-CE3742FB70DA}.Debug|Win32.Build.0 = Debug|Win32
		{71CC7BB7-5F6B-453D-B4F2-CE3742FB70DA}.Release|Win32.ActiveCfg = Release|Win32
		{71CC7BB7-5F6B-453D-B4F2-CE3742FB70DA}.Release|Win32.Build.0 = Release|Win32
		{99A18E8C-4504-4E2E-AD4E-B41283683422}.Debug|Win32.ActiveCfg = Debug|Win32
		{99A18E8C-4504-4E2E-AD4E-B41283683422}.Debug|Win32.Build.0 = Debug|Win32
		{99A18E8C-4504-4E2E-AD4E-B41283683422}.Release|Win32.ActiveCfg = Release|Win32
		{99A18E8C-4504-4E2E-AD4E-B41283683422}.Release|Win32.Build.0 = Release|Win32
	EndGlobalSection
	GlobalSection(SolutionProperties) = preSolution
		HideSolutionNode = FALSE
	EndGlobalSection
EndGlobal
