
Microsoft Visual Studio Solution File, Format Version 9.00
# Visual C++ Express 2005
Project("{8BC9CEB8-8B4A-11D0-8D11-00A0C91BC942}") = "slate-windows", "slate-windows.vcproj", "{0E71A2B1-EC4E-41F7-8DDF-BC207D87251E}"
EndProject
Global
	GlobalSection(SolutionConfigurationPlatforms) = preSolution
		Debug|Win32 = Debug|Win32
	EndGlobalSection
	GlobalSection(ProjectConfigurationPlatforms) = postSolution
		{0E71A2B1-EC4E-41F7-8DDF-BC207D87251E}.Debug|Win32.ActiveCfg = Debug|Win32
		{0E71A2B1-EC4E-41F7-8DDF-BC207D87251E}.Debug|Win32.Build.0 = Debug|Win32
	EndGlobalSection
	GlobalSection(SolutionProperties) = preSolution
		HideSolutionNode = FALSE
	EndGlobalSection
EndGlobal
