
Microsoft Visual Studio Solution File, Format Version 9.00
# Visual C++ Express 2005
Project("{8BC9CEB8-8B4A-11D0-8D11-00A0C91BC942}") = "slate-cairo", "slate-cairo.vcproj", "{713FA009-C60A-41F7-BC70-12E3BC54AC7A}"
EndProject
Global
	GlobalSection(SolutionConfigurationPlatforms) = preSolution
		Debug|Win32 = Debug|Win32
		Release|Win32 = Release|Win32
	EndGlobalSection
	GlobalSection(ProjectConfigurationPlatforms) = postSolution
		{713FA009-C60A-41F7-BC70-12E3BC54AC7A}.Debug|Win32.ActiveCfg = Debug|Win32
		{713FA009-C60A-41F7-BC70-12E3BC54AC7A}.Debug|Win32.Build.0 = Debug|Win32
		{713FA009-C60A-41F7-BC70-12E3BC54AC7A}.Release|Win32.ActiveCfg = Debug|Win32
		{713FA009-C60A-41F7-BC70-12E3BC54AC7A}.Release|Win32.Build.0 = Debug|Win32
	EndGlobalSection
	GlobalSection(SolutionProperties) = preSolution
		HideSolutionNode = FALSE
	EndGlobalSection
EndGlobal
